
Microsoft Visual Studio Solution File, Format Version 12.00
# Visual Studio 2013
VisualStudioVersion = 12.0.21005.1
MinimumVisualStudioVersion = 10.0.40219.1
Project("{8BC9CEB8-8B4A-11D0-8D11-00A0C91BC942}") = "test_3_9__3.c", "test_3_9__3.c\test_3_9__3.c.vcxproj", "{A3DF706E-C346-4D33-BD48-7CF1B1E67C05}"
EndProject
Global
	GlobalSection(SolutionConfigurationPlatforms) = preSolution
		Debug|Win32 = Debug|Win32
		Release|Win32 = Release|Win32
	EndGlobalSection
	GlobalSection(ProjectConfigurationPlatforms) = postSolution
		{A3DF706E-C346-4D33-BD48-7CF1B1E67C05}.Debug|Win32.ActiveCfg = Debug|Win32
		{A3DF706E-C346-4D33-BD48-7CF1B1E67C05}.Debug|Win32.Build.0 = Debug|Win32
		{A3DF706E-C346-4D33-BD48-7CF1B1E67C05}.Release|Win32.ActiveCfg = Release|Win32
		{A3DF706E-C346-4D33-BD48-7CF1B1E67C05}.Release|Win32.Build.0 = Release|Win32
	EndGlobalSection
	GlobalSection(SolutionProperties) = preSolution
		HideSolutionNode = FALSE
	EndGlobalSection
EndGlobal
